
Microsoft Visual Studio Solution File, Format Version 12.00
# Visual Studio Version 16
VisualStudioVersion = 16.0.32929.386
MinimumVisualStudioVersion = 10.0.40219.1
Project("{8BC9CEB8-8B4A-11D0-8D11-00A0C91BC942}") = "TicTacToe", "TicTacToe\TicTacToe.vcxproj", "{97851685-896D-4F77-942B-EF30069E13FA}"
EndProject
Global
	GlobalSection(SolutionConfigurationPlatforms) = preSolution
		Debug|Win32 = Debug|Win32
		Debug|x64 = Debug|x64
		Release|Win32 = Release|Win32
		Release|x64 = Release|x64
	EndGlobalSection
	GlobalSection(ProjectConfigurationPlatforms) = postSolution
		{97851685-896D-4F77-942B-EF30069E13FA}.Debug|Win32.ActiveCfg = Debug|Win32
		{97851685-896D-4F77-942B-EF30069E13FA}.Debug|Win32.Build.0 = Debug|Win32
		{97851685-896D-4F77-942B-EF30069E13FA}.Debug|x64.ActiveCfg = Debug|x64
		{97851685-896D-4F77-942B-EF30069E13FA}.Debug|x64.Build.0 = Debug|x64
		{97851685-896D-4F77-942B-EF30069E13FA}.Release|Win32.ActiveCfg = Release|Win32
		{97851685-896D-4F77-942B-EF30069E13FA}.Release|Win32.Build.0 = Release|Win32
		{97851685-896D-4F77-942B-EF30069E13FA}.Release|x64.ActiveCfg = Release|x64
		{97851685-896D-4F77-942B-EF30069E13FA}.Release|x64.Build.0 = Release|x64
	EndGlobalSection
	GlobalSection(SolutionProperties) = preSolution
		HideSolutionNode = FALSE
	EndGlobalSection
	GlobalSection(ExtensibilityGlobals) = postSolution
		SolutionGuid = {B60E4135-3F58-46D8-8E1F-1AD094D259DD}
	EndGlobalSection
EndGlobal
